
Microsoft Visual Studio Solution File, Format Version 12.00
# Visual Studio Version 16
VisualStudioVersion = 16.0.28803.452
MinimumVisualStudioVersion = 10.0.40219.1
Project("{FAE04EC0-301F-11D3-BF4B-00C04F79EFBC}") = "TestPracticeClass", "TestPracticeClass\TestPracticeClass.csproj", "{A152144B-66A7-4A6C-B1A6-95B96402BEFB}"
EndProject
Global
	GlobalSection(SolutionConfigurationPlatforms) = preSolution
		Debug|Any CPU = Debug|Any CPU
		Release|Any CPU = Release|Any CPU
	EndGlobalSection
	GlobalSection(ProjectConfigurationPlatforms) = postSolution
		{A152144B-66A7-4A6C-B1A6-95B96402BEFB}.Debug|Any CPU.ActiveCfg = Debug|Any CPU
		{A152144B-66A7-4A6C-B1A6-95B96402BEFB}.Debug|Any CPU.Build.0 = Debug|Any CPU
		{A152144B-66A7-4A6C-B1A6-95B96402BEFB}.Release|Any CPU.ActiveCfg = Release|Any CPU
		{A152144B-66A7-4A6C-B1A6-95B96402BEFB}.Release|Any CPU.Build.0 = Release|Any CPU
	EndGlobalSection
	GlobalSection(SolutionProperties) = preSolution
		HideSolutionNode = FALSE
	EndGlobalSection
	GlobalSection(ExtensibilityGlobals) = postSolution
		SolutionGuid = {6FDE4F40-39E0-42AE-834C-A25BDAAA3FFE}
	EndGlobalSection
EndGlobal
